
Microsoft Visual Studio Solution File, Format Version 12.00
# Visual Studio Version 16
VisualStudioVersion = 16.0.31313.79
MinimumVisualStudioVersion = 10.0.40219.1
Project("{FAE04EC0-301F-11D3-BF4B-00C04F79EFBC}") = "WordGameUdp", "WordGameUdp\WordGameUdp.csproj", "{0645E79F-4ECB-493C-89DF-D95D305B386B}"
EndProject
Global
	GlobalSection(SolutionConfigurationPlatforms) = preSolution
		Debug|Any CPU = Debug|Any CPU
		Release|Any CPU = Release|Any CPU
	EndGlobalSection
	GlobalSection(ProjectConfigurationPlatforms) = postSolution
		{0645E79F-4ECB-493C-89DF-D95D305B386B}.Debug|Any CPU.ActiveCfg = Debug|Any CPU
		{0645E79F-4ECB-493C-89DF-D95D305B386B}.Debug|Any CPU.Build.0 = Debug|Any CPU
		{0645E79F-4ECB-493C-89DF-D95D305B386B}.Release|Any CPU.ActiveCfg = Release|Any CPU
		{0645E79F-4ECB-493C-89DF-D95D305B386B}.Release|Any CPU.Build.0 = Release|Any CPU
	EndGlobalSection
	GlobalSection(SolutionProperties) = preSolution
		HideSolutionNode = FALSE
	EndGlobalSection
	GlobalSection(ExtensibilityGlobals) = postSolution
		SolutionGuid = {1585C381-7A16-45AD-8A76-1A4918B03BB8}
	EndGlobalSection
EndGlobal
